// !$*UTF8*$!
{
	archiveVersion = 1;
	classes = {
	};
	objectVersion = 46;
	objects = {

/* Begin PBXBuildFile section */
		3480A9B9292FC16BB1D4985A /* Pods.framework in Frameworks */ = {isa = PBXBuildFile; fileRef = 6AF3E5645F9FAFF14093383F /* Pods.framework */; };
		AC02A68C1C13D730002DF5FD /* WebpayClient.swift in Sources */ = {isa = PBXBuildFile; fileRef = AC02A68B1C13D730002DF5FD /* WebpayClient.swift */; };
		ACBD536F1C116DDB0077BFBC /* AppDelegate.swift in Sources */ = {isa = PBXBuildFile; fileRef = ACBD536E1C116DDB0077BFBC /* AppDelegate.swift */; };
		ACBD53741C116DDB0077BFBC /* Main.storyboard in Resources */ = {isa = PBXBuildFile; fileRef = ACBD53721C116DDB0077BFBC /* Main.storyboard */; };
		ACBD53761C116DDB0077BFBC /* Assets.xcassets in Resources */ = {isa = PBXBuildFile; fileRef = ACBD53751C116DDB0077BFBC /* Assets.xcassets */; };
		ACBD53791C116DDB0077BFBC /* LaunchScreen.storyboard in Resources */ = {isa = PBXBuildFile; fileRef = ACBD53771C116DDB0077BFBC /* LaunchScreen.storyboard */; };
		ACBD53811C1173FF0077BFBC /* FirstViewController.swift in Sources */ = {isa = PBXBuildFile; fileRef = ACBD53801C1173FF0077BFBC /* FirstViewController.swift */; };
		ACC24FA51C118D26005303A7 /* FormViewController.swift in Sources */ = {isa = PBXBuildFile; fileRef = ACC24FA41C118D26005303A7 /* FormViewController.swift */; };
		ACC24FA91C1192F7005303A7 /* Accelerate.framework in Frameworks */ = {isa = PBXBuildFile; fileRef = ACC24FA81C1192F7005303A7 /* Accelerate.framework */; };
/* End PBXBuildFile section */

/* Begin PBXFileReference section */
		602B0D417F8B1CFA2066682F /* Pods.release.xcconfig */ = {isa = PBXFileReference; includeInIndex = 1; lastKnownFileType = text.xcconfig; name = Pods.release.xcconfig; path = "Pods/Target Support Files/Pods/Pods.release.xcconfig"; sourceTree = "<group>"; };
		6AF3E5645F9FAFF14093383F /* Pods.framework */ = {isa = PBXFileReference; explicitFileType = wrapper.framework; includeInIndex = 0; path = Pods.framework; sourceTree = BUILT_PRODUCTS_DIR; };
		AC02A68B1C13D730002DF5FD /* WebpayClient.swift */ = {isa = PBXFileReference; fileEncoding = 4; lastKnownFileType = sourcecode.swift; path = WebpayClient.swift; sourceTree = "<group>"; };
		ACBD536B1C116DDB0077BFBC /* webpay-cardio-sample.app */ = {isa = PBXFileReference; explicitFileType = wrapper.application; includeInIndex = 0; path = "webpay-cardio-sample.app"; sourceTree = BUILT_PRODUCTS_DIR; };
		ACBD536E1C116DDB0077BFBC /* AppDelegate.swift */ = {isa = PBXFileReference; lastKnownFileType = sourcecode.swift; path = AppDelegate.swift; sourceTree = "<group>"; };
		ACBD53731C116DDB0077BFBC /* Base */ = {isa = PBXFileReference; lastKnownFileType = file.storyboard; name = Base; path = Base.lproj/Main.storyboard; sourceTree = "<group>"; };
		ACBD53751C116DDB0077BFBC /* Assets.xcassets */ = {isa = PBXFileReference; lastKnownFileType = folder.assetcatalog; path = Assets.xcassets; sourceTree = "<group>"; };
		ACBD53781C116DDB0077BFBC /* Base */ = {isa = PBXFileReference; lastKnownFileType = file.storyboard; name = Base; path = Base.lproj/LaunchScreen.storyboard; sourceTree = "<group>"; };
		ACBD537A1C116DDB0077BFBC /* Info.plist */ = {isa = PBXFileReference; lastKnownFileType = text.plist.xml; path = Info.plist; sourceTree = "<group>"; };
		ACBD53801C1173FF0077BFBC /* FirstViewController.swift */ = {isa = PBXFileReference; fileEncoding = 4; lastKnownFileType = sourcecode.swift; path = FirstViewController.swift; sourceTree = "<group>"; };
		ACC24FA41C118D26005303A7 /* FormViewController.swift */ = {isa = PBXFileReference; fileEncoding = 4; lastKnownFileType = sourcecode.swift; path = FormViewController.swift; sourceTree = "<group>"; };
		ACC24FA81C1192F7005303A7 /* Accelerate.framework */ = {isa = PBXFileReference; lastKnownFileType = wrapper.framework; name = Accelerate.framework; path = System/Library/Frameworks/Accelerate.framework; sourceTree = SDKROOT; };
		ACC24FAA1C11931A005303A7 /* BrigdingHeader.h */ = {isa = PBXFileReference; lastKnownFileType = sourcecode.c.h; path = BrigdingHeader.h; sourceTree = "<group>"; };
		E460D6E981D9DCF6B7AAED3F /* Pods.debug.xcconfig */ = {isa = PBXFileReference; includeInIndex = 1; lastKnownFileType = text.xcconfig; name = Pods.debug.xcconfig; path = "Pods/Target Support Files/Pods/Pods.debug.xcconfig"; sourceTree = "<group>"; };
/* End PBXFileReference section */

/* Begin PBXFrameworksBuildPhase section */
		ACBD53681C116DDB0077BFBC /* Frameworks */ = {
			isa = PBXFrameworksBuildPhase;
			buildActionMask = 2147483647;
			files = (
				ACC24FA91C1192F7005303A7 /* Accelerate.framework in Frameworks */,
				3480A9B9292FC16BB1D4985A /* Pods.framework in Frameworks */,
			);
			runOnlyForDeploymentPostprocessing = 0;
		};
/* End PBXFrameworksBuildPhase section */

/* Begin PBXGroup section */
		140F4B889B27CD4D20C84A7B /* Frameworks */ = {
			isa = PBXGroup;
			children = (
				ACC24FA81C1192F7005303A7 /* Accelerate.framework */,
				6AF3E5645F9FAFF14093383F /* Pods.framework */,
			);
			name = Frameworks;
			sourceTree = "<group>";
		};
		ACBD53621C116DDB0077BFBC = {
			isa = PBXGroup;
			children = (
				ACBD536D1C116DDB0077BFBC /* webpay-cardio-sample */,
				ACBD536C1C116DDB0077BFBC /* Products */,
				DFBFB5752FAA6A63FF10A32D /* Pods */,
				140F4B889B27CD4D20C84A7B /* Frameworks */,
			);
			sourceTree = "<group>";
		};
		ACBD536C1C116DDB0077BFBC /* Products */ = {
			isa = PBXGroup;
			children = (
				ACBD536B1C116DDB0077BFBC /* webpay-cardio-sample.app */,
			);
			name = Products;
			sourceTree = "<group>";
		};
		ACBD536D1C116DDB0077BFBC /* webpay-cardio-sample */ = {
			isa = PBXGroup;
			children = (
				ACBD536E1C116DDB0077BFBC /* AppDelegate.swift */,
				ACBD53801C1173FF0077BFBC /* FirstViewController.swift */,
				ACC24FA41C118D26005303A7 /* FormViewController.swift */,
				AC02A68B1C13D730002DF5FD /* WebpayClient.swift */,
				ACBD53721C116DDB0077BFBC /* Main.storyboard */,
				ACBD53751C116DDB0077BFBC /* Assets.xcassets */,
				ACBD53771C116DDB0077BFBC /* LaunchScreen.storyboard */,
				ACBD537A1C116DDB0077BFBC /* Info.plist */,
				ACC24FAA1C11931A005303A7 /* BrigdingHeader.h */,
			);
			path = "webpay-cardio-sample";
			sourceTree = "<group>";
		};
		DFBFB5752FAA6A63FF10A32D /* Pods */ = {
			isa = PBXGroup;
			children = (
				E460D6E981D9DCF6B7AAED3F /* Pods.debug.xcconfig */,
				602B0D417F8B1CFA2066682F /* Pods.release.xcconfig */,
			);
			name = Pods;
			sourceTree = "<group>";
		};
/* End PBXGroup section */

/* Begin PBXNativeTarget section */
		ACBD536A1C116DDB0077BFBC /* webpay-cardio-sample */ = {
			isa = PBXNativeTarget;
			buildConfigurationList = ACBD537D1C116DDB0077BFBC /* Build configuration list for PBXNativeTarget "webpay-cardio-sample" */;
			buildPhases = (
				44A5E9F73317B449D9E8DBCB /* Check Pods Manifest.lock */,
				ACBD53671C116DDB0077BFBC /* Sources */,
				ACBD53681C116DDB0077BFBC /* Frameworks */,
				ACBD53691C116DDB0077BFBC /* Resources */,
				E00EA93E4F96F8482C1BE311 /* Embed Pods Frameworks */,
				E225822CB3DB784D27F84BE8 /* Copy Pods Resources */,
			);
			buildRules = (
			);
			dependencies = (
			);
			name = "webpay-cardio-sample";
			productName = "webpay-cardio-sample";
			productReference = ACBD536B1C116DDB0077BFBC /* webpay-cardio-sample.app */;
			productType = "com.apple.product-type.application";
		};
/* End PBXNativeTarget section */

/* Begin PBXProject section */
		ACBD53631C116DDB0077BFBC /* Project object */ = {
			isa = PBXProject;
			attributes = {
				LastSwiftUpdateCheck = 0710;
				LastUpgradeCheck = 0710;
				ORGANIZATIONNAME = takecian;
				TargetAttributes = {
					ACBD536A1C116DDB0077BFBC = {
						CreatedOnToolsVersion = 7.1.1;
					};
				};
			};
			buildConfigurationList = ACBD53661C116DDB0077BFBC /* Build configuration list for PBXProject "webpay-cardio-sample" */;
			compatibilityVersion = "Xcode 3.2";
			developmentRegion = English;
			hasScannedForEncodings = 0;
			knownRegions = (
				en,
				Base,
			);
			mainGroup = ACBD53621C116DDB0077BFBC;
			productRefGroup = ACBD536C1C116DDB0077BFBC /* Products */;
			projectDirPath = "";
			projectRoot = "";
			targets = (
				ACBD536A1C116DDB0077BFBC /* webpay-cardio-sample */,
			);
		};
/* End PBXProject section */

/* Begin PBXResourcesBuildPhase section */
		ACBD53691C116DDB0077BFBC /* Resources */ = {
			isa = PBXResourcesBuildPhase;
			buildActionMask = 2147483647;
			files = (
				ACBD53791C116DDB0077BFBC /* LaunchScreen.storyboard in Resources */,
				ACBD53761C116DDB0077BFBC /* Assets.xcassets in Resources */,
				ACBD53741C116DDB0077BFBC /* Main.storyboard in Resources */,
			);
			runOnlyForDeploymentPostprocessing = 0;
		};
/* End PBXResourcesBuildPhase section */

/* Begin PBXShellScriptBuildPhase section */
		44A5E9F73317B449D9E8DBCB /* Check Pods Manifest.lock */ = {
			isa = PBXShellScriptBuildPhase;
			buildActionMask = 2147483647;
			files = (
			);
			inputPaths = (
			);
			name = "Check Pods Manifest.lock";
			outputPaths = (
			);
			runOnlyForDeploymentPostprocessing = 0;
			shellPath = /bin/sh;
			shellScript = "diff \"${PODS_ROOT}/../Podfile.lock\" \"${PODS_ROOT}/Manifest.lock\" > /dev/null\nif [[ $? != 0 ]] ; then\n    cat << EOM\nerror: The sandbox is not in sync with the Podfile.lock. Run 'pod install' or update your CocoaPods installation.\nEOM\n    exit 1\nfi\n";
			showEnvVarsInLog = 0;
		};
		E00EA93E4F96F8482C1BE311 /* Embed Pods Frameworks */ = {
			isa = PBXShellScriptBuildPhase;
			buildActionMask = 2147483647;
			files = (
			);
			inputPaths = (
			);
			name = "Embed Pods Frameworks";
			outputPaths = (
			);
			runOnlyForDeploymentPostprocessing = 0;
			shellPath = /bin/sh;
			shellScript = "\"${SRCROOT}/Pods/Target Support Files/Pods/Pods-frameworks.sh\"\n";
			showEnvVarsInLog = 0;
		};
		E225822CB3DB784D27F84BE8 /* Copy Pods Resources */ = {
			isa = PBXShellScriptBuildPhase;
			buildActionMask = 2147483647;
			files = (
			);
			inputPaths = (
			);
			name = "Copy Pods Resources";
			outputPaths = (
			);
			runOnlyForDeploymentPostprocessing = 0;
			shellPath = /bin/sh;
			shellScript = "\"${SRCROOT}/Pods/Target Support Files/Pods/Pods-resources.sh\"\n";
			showEnvVarsInLog = 0;
		};
/* End PBXShellScriptBuildPhase section */

/* Begin PBXSourcesBuildPhase section */
		ACBD53671C116DDB0077BFBC /* Sources */ = {
			isa = PBXSourcesBuildPhase;
			buildActionMask = 2147483647;
			files = (
				AC02A68C1C13D730002DF5FD /* WebpayClient.swift in Sources */,
				ACC24FA51C118D26005303A7 /* FormViewController.swift in Sources */,
				ACBD53811C1173FF0077BFBC /* FirstViewController.swift in Sources */,
				ACBD536F1C116DDB0077BFBC /* AppDelegate.swift in Sources */,
			);
			runOnlyForDeploymentPostprocessing = 0;
		};
/* End PBXSourcesBuildPhase section */

/* Begin PBXVariantGroup section */
		ACBD53721C116DDB0077BFBC /* Main.storyboard */ = {
			isa = PBXVariantGroup;
			children = (
				ACBD53731C116DDB0077BFBC /* Base */,
			);
			name = Main.storyboard;
			sourceTree = "<group>";
		};
		ACBD53771C116DDB0077BFBC /* LaunchScreen.storyboard */ = {
			isa = PBXVariantGroup;
			children = (
				ACBD53781C116DDB0077BFBC /* Base */,
			);
			name = LaunchScreen.storyboard;
			sourceTree = "<group>";
		};
/* End PBXVariantGroup section */

/* Begin XCBuildConfiguration section */
		ACBD537B1C116DDB0077BFBC /* Debug */ = {
			isa = XCBuildConfiguration;
			buildSettings = {
				ALWAYS_SEARCH_USER_PATHS = NO;
				CLANG_CXX_LANGUAGE_STANDARD = "gnu++0x";
				CLANG_CXX_LIBRARY = "libc++";
				CLANG_ENABLE_MODULES = YES;
				CLANG_ENABLE_OBJC_ARC = YES;
				CLANG_WARN_BOOL_CONVERSION = YES;
				CLANG_WARN_CONSTANT_CONVERSION = YES;
				CLANG_WARN_DIRECT_OBJC_ISA_USAGE = YES_ERROR;
				CLANG_WARN_EMPTY_BODY = YES;
				CLANG_WARN_ENUM_CONVERSION = YES;
				CLANG_WARN_INT_CONVERSION = YES;
				CLANG_WARN_OBJC_ROOT_CLASS = YES_ERROR;
				CLANG_WARN_UNREACHABLE_CODE = YES;
				CLANG_WARN__DUPLICATE_METHOD_MATCH = YES;
				"CODE_SIGN_IDENTITY[sdk=iphoneos*]" = "iPhone Developer";
				COPY_PHASE_STRIP = NO;
				DEBUG_INFORMATION_FORMAT = dwarf;
				ENABLE_STRICT_OBJC_MSGSEND = YES;
				ENABLE_TESTABILITY = YES;
				GCC_C_LANGUAGE_STANDARD = gnu99;
				GCC_DYNAMIC_NO_PIC = NO;
				GCC_NO_COMMON_BLOCKS = YES;
				GCC_OPTIMIZATION_LEVEL = 0;
				GCC_PREPROCESSOR_DEFINITIONS = (
					"DEBUG=1",
					"$(inherited)",
				);
				GCC_WARN_64_TO_32_BIT_CONVERSION = YES;
				GCC_WARN_ABOUT_RETURN_TYPE = YES_ERROR;
				GCC_WARN_UNDECLARED_SELECTOR = YES;
				GCC_WARN_UNINITIALIZED_AUTOS = YES_AGGRESSIVE;
				GCC_WARN_UNUSED_FUNCTION = YES;
				GCC_WARN_UNUSED_VARIABLE = YES;
				IPHONEOS_DEPLOYMENT_TARGET = 8.0;
				MTL_ENABLE_DEBUG_INFO = YES;
				ONLY_ACTIVE_ARCH = YES;
				SDKROOT = iphoneos;
				SWIFT_OPTIMIZATION_LEVEL = "-Onone";
			};
			name = Debug;
		};
		ACBD537C1C116DDB0077BFBC /* Release */ = {
			isa = XCBuildConfiguration;
			buildSettings = {
				ALWAYS_SEARCH_USER_PATHS = NO;
				CLANG_CXX_LANGUAGE_STANDARD = "gnu++0x";
				CLANG_CXX_LIBRARY = "libc++";
				CLANG_ENABLE_MODULES = YES;
				CLANG_ENABLE_OBJC_ARC = YES;
				CLANG_WARN_BOOL_CONVERSION = YES;
				CLANG_WARN_CONSTANT_CONVERSION = YES;
				CLANG_WARN_DIRECT_OBJC_ISA_USAGE = YES_ERROR;
				CLANG_WARN_EMPTY_BODY = YES;
				CLANG_WARN_ENUM_CONVERSION = YES;
				CLANG_WARN_INT_CONVERSION = YES;
				CLANG_WARN_OBJC_ROOT_CLASS = YES_ERROR;
				CLANG_WARN_UNREACHABLE_CODE = YES;
				CLANG_WARN__DUPLICATE_METHOD_MATCH = YES;
				"CODE_SIGN_IDENTITY[sdk=iphoneos*]" = "iPhone Developer";
				COPY_PHASE_STRIP = NO;
				DEBUG_INFORMATION_FORMAT = "dwarf-with-dsym";
				ENABLE_NS_ASSERTIONS = NO;
				ENABLE_STRICT_OBJC_MSGSEND = YES;
				GCC_C_LANGUAGE_STANDARD = gnu99;
				GCC_NO_COMMON_BLOCKS = YES;
				GCC_WARN_64_TO_32_BIT_CONVERSION = YES;
				GCC_WARN_ABOUT_RETURN_TYPE = YES_ERROR;
				GCC_WARN_UNDECLARED_SELECTOR = YES;
				GCC_WARN_UNINITIALIZED_AUTOS = YES_AGGRESSIVE;
				GCC_WARN_UNUSED_FUNCTION = YES;
				GCC_WARN_UNUSED_VARIABLE = YES;
				IPHONEOS_DEPLOYMENT_TARGET = 8.0;
				MTL_ENABLE_DEBUG_INFO = NO;
				SDKROOT = iphoneos;
				VALIDATE_PRODUCT = YES;
			};
			name = Release;
		};
		ACBD537E1C116DDB0077BFBC /* Debug */ = {
			isa = XCBuildConfiguration;
			baseConfigurationReference = E460D6E981D9DCF6B7AAED3F /* Pods.debug.xcconfig */;
			buildSettings = {
				ASSETCATALOG_COMPILER_APPICON_NAME = AppIcon;
				CODE_SIGN_IDENTITY = "iPhone Developer: Takeshi Fujiki (P98XQ3RZ55)";
				INFOPLIST_FILE = "webpay-cardio-sample/Info.plist";
				LD_RUNPATH_SEARCH_PATHS = "$(inherited) @executable_path/Frameworks";
				PRODUCT_BUNDLE_IDENTIFIER = "com.takecian.webpay-cardio-sample";
				PRODUCT_NAME = "$(TARGET_NAME)";
				PROVISIONING_PROFILE = "";
				SWIFT_OBJC_BRIDGING_HEADER = "webpay-cardio-sample/BrigdingHeader.h";
			};
			name = Debug;
		};
		ACBD537F1C116DDB0077BFBC /* Release */ = {
			isa = XCBuildConfiguration;
			baseConfigurationReference = 602B0D417F8B1CFA2066682F /* Pods.release.xcconfig */;
			buildSettings = {
				ASSETCATALOG_COMPILER_APPICON_NAME = AppIcon;
				INFOPLIST_FILE = "webpay-cardio-sample/Info.plist";
				LD_RUNPATH_SEARCH_PATHS = "$(inherited) @executable_path/Frameworks";
				PRODUCT_BUNDLE_IDENTIFIER = "com.takecian.webpay-cardio-sample";
				PRODUCT_NAME = "$(TARGET_NAME)";
				PROVISIONING_PROFILE = "";
				SWIFT_OBJC_BRIDGING_HEADER = "webpay-cardio-sample/BrigdingHeader.h";
			};
			name = Release;
		};
/* End XCBuildConfiguration section */

/* Begin XCConfigurationList section */
		ACBD53661C116DDB0077BFBC /* Build configuration list for PBXProject "webpay-cardio-sample" */ = {
			isa = XCConfigurationList;
			buildConfigurations = (
				ACBD537B1C116DDB0077BFBC /* Debug */,
				ACBD537C1C116DDB0077BFBC /* Release */,
			);
			defaultConfigurationIsVisible = 0;
			defaultConfigurationName = Release;
		};
		ACBD537D1C116DDB0077BFBC /* Build configuration list for PBXNativeTarget "webpay-cardio-sample" */ = {
			isa = XCConfigurationList;
			buildConfigurations = (
				ACBD537E1C116DDB0077BFBC /* Debug */,
				ACBD537F1C116DDB0077BFBC /* Release */,
			);
			defaultConfigurationIsVisible = 0;
			defaultConfigurationName = Release;
		};
/* End XCConfigurationList section */
	};
	rootObject = ACBD53631C116DDB0077BFBC /* Project object */;
}
